<?xml version="1.0" encoding="utf-8"?>
<Project ToolsVersion="4.0" xmlns="http://schemas.microsoft.com/developer/msbuild/2003">
  <ItemGroup>
    <ClCompile Include="Render\Camera.cpp">
      <Filter>Render</Filter>
    </ClCompile>
    <ClCompile Include="Render\Render.cpp">
      <Filter>Render</Filter>
    </ClCompile>
    <ClCompile Include="RenderUtils.cpp" />
    <ClCompile Include="main.cpp" />
    <ClCompile Include="callbacks.cpp" />
    <ClCompile Include="src\ListParticles.cpp">
      <Filter>SourceFiles</Filter>
    </ClCompile>
    <ClCompile Include="src\Particles\Particle.cpp">
      <Filter>SourceFiles\Particles</Filter>
    </ClCompile>
    <ClCompile Include="src\Generators\FireworkGenerator.cpp">
      <Filter>SourceFiles\Generators</Filter>
    </ClCompile>
    <ClCompile Include="src\Particles\Firework.cpp">
      <Filter>SourceFiles\Particles</Filter>
    </ClCompile>
    <ClCompile Include="src\Generators\UniformParticleGenerator.cpp">
      <Filter>SourceFiles\Generators</Filter>
    </ClCompile>
    <ClCompile Include="src\Generators\GaussianParticleGenerator.cpp">
      <Filter>SourceFiles\Generators</Filter>
    </ClCompile>
    <ClCompile Include="src\ParticleSystem.cpp">
      <Filter>SourceFiles</Filter>
    </ClCompile>
    <ClCompile Include="src\Generators\CircleGenerator.cpp">
      <Filter>SourceFiles\Generators</Filter>
    </ClCompile>
    <ClCompile Include="src\ForceGenerators\AnchoredSpringForceGenerator.cpp">
      <Filter>SourceFiles\ForceGenerators</Filter>
    </ClCompile>
    <ClCompile Include="src\ForceGenerators\BuoyancyForceGenerator.cpp">
      <Filter>SourceFiles\ForceGenerators</Filter>
    </ClCompile>
    <ClCompile Include="src\ForceGenerators\ElasticRubberForceGenerator.cpp">
      <Filter>SourceFiles\ForceGenerators</Filter>
    </ClCompile>
    <ClCompile Include="src\ForceGenerators\GravityForceGenerator.cpp">
      <Filter>SourceFiles\ForceGenerators</Filter>
    </ClCompile>
    <ClCompile Include="src\ForceGenerators\SpringForceGenerator.cpp">
      <Filter>SourceFiles\ForceGenerators</Filter>
    </ClCompile>
    <ClCompile Include="src\ForceGenerators\WhirlwindForceGenerator.cpp">
      <Filter>SourceFiles\ForceGenerators</Filter>
    </ClCompile>
    <ClCompile Include="src\ForceGenerators\WindForceGenerator.cpp">
      <Filter>SourceFiles\ForceGenerators</Filter>
    </ClCompile>
    <ClCompile Include="src\Generators\LauncherParticleGenerator.cpp">
      <Filter>SourceFiles\Generators</Filter>
    </ClCompile>
    <ClCompile Include="src\ParticleForceRegistry.cpp">
      <Filter>SourceFiles</Filter>
    </ClCompile>
    <ClCompile Include="src\ShootManager.cpp">
      <Filter>SourceFiles</Filter>
    </ClCompile>
    <ClCompile Include="src\RBGenerators\RigidBodyGenerator.cpp">
      <Filter>SourceFiles\RBGenerators</Filter>
    </ClCompile>
    <ClCompile Include="src\RBStructure\RigidBodySystem.cpp">
      <Filter>SourceFiles\RBStructure</Filter>
    </ClCompile>
  </ItemGroup>
  <ItemGroup>
    <ClInclude Include="core.hpp" />
    <ClInclude Include="Render\Camera.h">
      <Filter>Render</Filter>
    </ClInclude>
    <ClInclude Include="Render\Render.h">
      <Filter>Render</Filter>
    </ClInclude>
    <ClInclude Include="RenderUtils.hpp" />
    <ClInclude Include="callbacks.hpp" />
    <ClInclude Include="src\ShootManager.h">
      <Filter>HeaderFiles</Filter>
    </ClInclude>
    <ClInclude Include="src\ParticleSystem.h">
      <Filter>HeaderFiles</Filter>
    </ClInclude>
    <ClInclude Include="src\Generators\ParticleGenerator.h">
      <Filter>HeaderFiles\Generators</Filter>
    </ClInclude>
    <ClInclude Include="src\Particles\Particle.h">
      <Filter>HeaderFiles\Particles</Filter>
    </ClInclude>
    <ClInclude Include="src\ListParticles.h">
      <Filter>HeaderFiles</Filter>
    </ClInclude>
    <ClInclude Include="src\Particles\Firework.h">
      <Filter>HeaderFiles\Particles</Filter>
    </ClInclude>
    <ClInclude Include="src\Generators\UniformParticleGenerator.h">
      <Filter>HeaderFiles\Generators</Filter>
    </ClInclude>
    <ClInclude Include="src\Generators\GaussianParticleGenerator.h">
      <Filter>HeaderFiles\Generators</Filter>
    </ClInclude>
    <ClInclude Include="src\Generators\FireworkGenerator.h">
      <Filter>HeaderFiles\Generators</Filter>
    </ClInclude>
    <ClInclude Include="src\Generators\CircleGenerator.h">
      <Filter>HeaderFiles\Generators</Filter>
    </ClInclude>
    <ClInclude Include="src\ParticleForceRegistry.h">
      <Filter>HeaderFiles</Filter>
    </ClInclude>
    <ClInclude Include="src\ForceGenerators\ForceGenerator.h">
      <Filter>HeaderFiles\ForceGenerators</Filter>
    </ClInclude>
    <ClInclude Include="src\ForceGenerators\GravityForceGenerator.h">
      <Filter>HeaderFiles\ForceGenerators</Filter>
    </ClInclude>
    <ClInclude Include="src\Generators\ForceParticleGenerator.h">
      <Filter>HeaderFiles\Generators</Filter>
    </ClInclude>
    <ClInclude Include="src\ForceGenerators\WindForceGenerator.h">
      <Filter>HeaderFiles\ForceGenerators</Filter>
    </ClInclude>
    <ClInclude Include="src\ForceGenerators\WhirlwindForceGenerator.h">
      <Filter>HeaderFiles\ForceGenerators</Filter>
    </ClInclude>
    <ClInclude Include="src\ForceGenerators\ExplosionForceGenerator.h">
      <Filter>HeaderFiles\ForceGenerators</Filter>
    </ClInclude>
    <ClInclude Include="src\ForceGenerators\SpringForceGenerator.h">
      <Filter>HeaderFiles\ForceGenerators</Filter>
    </ClInclude>
    <ClInclude Include="src\ForceGenerators\AnchoredSpringForceGenerator.h">
      <Filter>HeaderFiles\ForceGenerators</Filter>
    </ClInclude>
    <ClInclude Include="src\Generators\LauncherParticleGenerator.h">
      <Filter>HeaderFiles\Generators</Filter>
    </ClInclude>
    <ClInclude Include="src\ForceGenerators\ElasticRubberForceGenerator.h">
      <Filter>HeaderFiles\ForceGenerators</Filter>
    </ClInclude>
    <ClInclude Include="src\ForceGenerators\BuoyancyForceGenerator.h">
      <Filter>HeaderFiles\ForceGenerators</Filter>
    </ClInclude>
    <ClInclude Include="src\RBStructure\RigidBodySystem.h">
      <Filter>HeaderFiles\RBStructure</Filter>
    </ClInclude>
    <ClInclude Include="src\RigidBodies\StaticRigidBody.h">
      <Filter>HeaderFiles\RigidBodies</Filter>
    </ClInclude>
    <ClInclude Include="src\RigidBodies\BoxStaticRB.h">
      <Filter>HeaderFiles\RigidBodies</Filter>
    </ClInclude>
    <ClInclude Include="src\RigidBodies\DynamicRigidBody.h">
      <Filter>HeaderFiles\RigidBodies</Filter>
    </ClInclude>
    <ClInclude Include="src\RigidBodies\SphereDynamicRB.h">
      <Filter>HeaderFiles\RigidBodies</Filter>
    </ClInclude>
    <ClInclude Include="src\RBGenerators\RigidBodyGenerator.h">
      <Filter>HeaderFiles\RBGenerators</Filter>
    </ClInclude>
    <ClInclude Include="src\RBGenerators\UniformRBGenerator.h">
      <Filter>HeaderFiles\RBGenerators</Filter>
    </ClInclude>
    <ClInclude Include="src\RBGenerators\GaussianRBGenerator.h">
      <Filter>HeaderFiles\RBGenerators</Filter>
    </ClInclude>
    <ClInclude Include="src\Singleton.h">
      <Filter>HeaderFiles</Filter>
    </ClInclude>
    <ClInclude Include="src\RigidBodies\BoxDynamicRB.h">
      <Filter>HeaderFiles\RigidBodies</Filter>
    </ClInclude>
  </ItemGroup>
  <ItemGroup>
    <Filter Include="Render">
      <UniqueIdentifier>{d04b4f9f-5a69-465e-8070-25c6d0bcd3c2}</UniqueIdentifier>
    </Filter>
    <Filter Include="HeaderFiles">
      <UniqueIdentifier>{9b999f25-06eb-4091-8543-6f6a58b4355e}</UniqueIdentifier>
    </Filter>
    <Filter Include="SourceFiles">
      <UniqueIdentifier>{38051a2b-0e6b-48d1-bd28-2ab59b1f80d0}</UniqueIdentifier>
    </Filter>
    <Filter Include="HeaderFiles\Generators">
      <UniqueIdentifier>{ea280957-4ae5-483d-a01c-997c90b0b490}</UniqueIdentifier>
    </Filter>
    <Filter Include="HeaderFiles\Particles">
      <UniqueIdentifier>{3beafad4-b2b4-42ba-b803-afc8a9d35d5e}</UniqueIdentifier>
    </Filter>
    <Filter Include="SourceFiles\Generators">
      <UniqueIdentifier>{045dd182-553b-4545-ba1a-eafe48a4ab6a}</UniqueIdentifier>
    </Filter>
    <Filter Include="SourceFiles\Particles">
      <UniqueIdentifier>{c9eb577d-4610-4953-82c5-caa9096ae819}</UniqueIdentifier>
    </Filter>
    <Filter Include="HeaderFiles\ForceGenerators">
      <UniqueIdentifier>{48dc0aac-0b9f-4588-b868-34b368d42a3d}</UniqueIdentifier>
    </Filter>
    <Filter Include="SourceFiles\ForceGenerators">
      <UniqueIdentifier>{61280eae-1bf4-4a30-b7ac-86e14ed65441}</UniqueIdentifier>
    </Filter>
    <Filter Include="HeaderFiles\RBGenerators">
      <UniqueIdentifier>{13551cef-91e2-4ac2-afb1-1fabd7c3700d}</UniqueIdentifier>
    </Filter>
    <Filter Include="HeaderFiles\RBForceGenerators">
      <UniqueIdentifier>{12e1e9cc-0161-4494-9738-1c4642a33560}</UniqueIdentifier>
    </Filter>
    <Filter Include="HeaderFiles\RBStructure">
      <UniqueIdentifier>{7bc0d1ba-0633-4498-9627-894a0f31a475}</UniqueIdentifier>
    </Filter>
    <Filter Include="SourceFiles\RBStructure">
      <UniqueIdentifier>{b3fd65ff-4603-4a40-9338-676c737e1812}</UniqueIdentifier>
    </Filter>
    <Filter Include="HeaderFiles\RigidBodies">
      <UniqueIdentifier>{af5b6a83-c6ca-4011-8996-1de735124b77}</UniqueIdentifier>
    </Filter>
    <Filter Include="SourceFiles\RigidBodies">
      <UniqueIdentifier>{f79f8825-6ab1-4b14-9a00-f6ccbfbab73d}</UniqueIdentifier>
    </Filter>
    <Filter Include="SourceFiles\RBForceGenerators">
      <UniqueIdentifier>{d618139e-1fc6-4b06-815c-00e001e59d09}</UniqueIdentifier>
    </Filter>
    <Filter Include="SourceFiles\RBGenerators">
      <UniqueIdentifier>{4c266420-2461-4336-b1e0-1c32678ab32a}</UniqueIdentifier>
    </Filter>
  </ItemGroup>
</Project>