<?xml version="1.0" encoding="utf-8"?>
<Project ToolsVersion="4.0" xmlns="http://schemas.microsoft.com/developer/msbuild/2003">
  <ItemGroup>
    <ClCompile Include="Render\Camera.cpp">
      <Filter>Render</Filter>
    </ClCompile>
    <ClCompile Include="Render\Render.cpp">
      <Filter>Render</Filter>
    </ClCompile>
    <ClCompile Include="RenderUtils.cpp" />
    <ClCompile Include="main.cpp" />
    <ClCompile Include="callbacks.cpp" />
    <ClCompile Include="src\ListParticles.cpp">
      <Filter>SourceFiles</Filter>
    </ClCompile>
    <ClCompile Include="src\Particles\Particle.cpp">
      <Filter>SourceFiles\Particles</Filter>
    </ClCompile>
    <ClCompile Include="src\Generators\FireworkGenerator.cpp">
      <Filter>SourceFiles\Generators</Filter>
    </ClCompile>
    <ClCompile Include="src\Particles\Firework.cpp">
      <Filter>SourceFiles\Particles</Filter>
    </ClCompile>
    <ClCompile Include="src\Generators\UniformParticleGenerator.cpp">
      <Filter>SourceFiles\Generators</Filter>
    </ClCompile>
    <ClCompile Include="src\Generators\GaussianParticleGenerator.cpp">
      <Filter>SourceFiles\Generators</Filter>
    </ClCompile>
    <ClCompile Include="src\ParticleSystem.cpp">
      <Filter>SourceFiles</Filter>
    </ClCompile>
  </ItemGroup>
  <ItemGroup>
    <ClInclude Include="core.hpp" />
    <ClInclude Include="Render\Camera.h">
      <Filter>Render</Filter>
    </ClInclude>
    <ClInclude Include="Render\Render.h">
      <Filter>Render</Filter>
    </ClInclude>
    <ClInclude Include="RenderUtils.hpp" />
    <ClInclude Include="callbacks.hpp" />
    <ClInclude Include="src\ShootManager.h">
      <Filter>HeaderFiles</Filter>
    </ClInclude>
    <ClInclude Include="src\ParticleSystem.h">
      <Filter>HeaderFiles</Filter>
    </ClInclude>
    <ClInclude Include="src\Generators\ParticleGenerator.h">
      <Filter>HeaderFiles\Generators</Filter>
    </ClInclude>
    <ClInclude Include="src\Particles\Particle.h">
      <Filter>HeaderFiles\Particles</Filter>
    </ClInclude>
    <ClInclude Include="src\ListParticles.h">
      <Filter>HeaderFiles</Filter>
    </ClInclude>
    <ClInclude Include="src\Particles\Firework.h">
      <Filter>HeaderFiles\Particles</Filter>
    </ClInclude>
    <ClInclude Include="src\Generators\UniformParticleGenerator.h">
      <Filter>HeaderFiles\Generators</Filter>
    </ClInclude>
    <ClInclude Include="src\Generators\GaussianParticleGenerator.h">
      <Filter>HeaderFiles\Generators</Filter>
    </ClInclude>
    <ClInclude Include="src\Generators\FireworkGenerator.h">
      <Filter>HeaderFiles\Generators</Filter>
    </ClInclude>
  </ItemGroup>
  <ItemGroup>
    <Filter Include="Render">
      <UniqueIdentifier>{d04b4f9f-5a69-465e-8070-25c6d0bcd3c2}</UniqueIdentifier>
    </Filter>
    <Filter Include="HeaderFiles">
      <UniqueIdentifier>{9b999f25-06eb-4091-8543-6f6a58b4355e}</UniqueIdentifier>
    </Filter>
    <Filter Include="SourceFiles">
      <UniqueIdentifier>{38051a2b-0e6b-48d1-bd28-2ab59b1f80d0}</UniqueIdentifier>
    </Filter>
    <Filter Include="HeaderFiles\Generators">
      <UniqueIdentifier>{ea280957-4ae5-483d-a01c-997c90b0b490}</UniqueIdentifier>
    </Filter>
    <Filter Include="HeaderFiles\Particles">
      <UniqueIdentifier>{3beafad4-b2b4-42ba-b803-afc8a9d35d5e}</UniqueIdentifier>
    </Filter>
    <Filter Include="SourceFiles\Generators">
      <UniqueIdentifier>{045dd182-553b-4545-ba1a-eafe48a4ab6a}</UniqueIdentifier>
    </Filter>
    <Filter Include="SourceFiles\Particles">
      <UniqueIdentifier>{c9eb577d-4610-4953-82c5-caa9096ae819}</UniqueIdentifier>
    </Filter>
  </ItemGroup>
</Project>